
Microsoft Visual Studio Solution File, Format Version 12.00
# Visual Studio Version 16
VisualStudioVersion = 16.0.31729.503
MinimumVisualStudioVersion = 10.0.40219.1
Project("{FAE04EC0-301F-11D3-BF4B-00C04F79EFBC}") = "L4TM_Fib", "L4TM_Fib\L4TM_Fib.csproj", "{001BE647-196F-4FC0-BCC7-AC23492F28F1}"
EndProject
Global
	GlobalSection(SolutionConfigurationPlatforms) = preSolution
		Debug|Any CPU = Debug|Any CPU
		Release|Any CPU = Release|Any CPU
	EndGlobalSection
	GlobalSection(ProjectConfigurationPlatforms) = postSolution
		{001BE647-196F-4FC0-BCC7-AC23492F28F1}.Debug|Any CPU.ActiveCfg = Debug|Any CPU
		{001BE647-196F-4FC0-BCC7-AC23492F28F1}.Debug|Any CPU.Build.0 = Debug|Any CPU
		{001BE647-196F-4FC0-BCC7-AC23492F28F1}.Release|Any CPU.ActiveCfg = Release|Any CPU
		{001BE647-196F-4FC0-BCC7-AC23492F28F1}.Release|Any CPU.Build.0 = Release|Any CPU
	EndGlobalSection
	GlobalSection(SolutionProperties) = preSolution
		HideSolutionNode = FALSE
	EndGlobalSection
	GlobalSection(ExtensibilityGlobals) = postSolution
		SolutionGuid = {344BB11F-166D-4A0B-A742-DF88532F3A6B}
	EndGlobalSection
EndGlobal
