
Microsoft Visual Studio Solution File, Format Version 12.00
# Visual Studio Version 16
VisualStudioVersion = 16.0.31729.503
MinimumVisualStudioVersion = 10.0.40219.1
Project("{FAE04EC0-301F-11D3-BF4B-00C04F79EFBC}") = "L7T1_Disasm", "L7T1_Disasm\L7T1_Disasm.csproj", "{15D75AC8-6B79-44B2-A4DC-6E013DE444F8}"
EndProject
Global
	GlobalSection(SolutionConfigurationPlatforms) = preSolution
		Debug|Any CPU = Debug|Any CPU
		Release|Any CPU = Release|Any CPU
	EndGlobalSection
	GlobalSection(ProjectConfigurationPlatforms) = postSolution
		{15D75AC8-6B79-44B2-A4DC-6E013DE444F8}.Debug|Any CPU.ActiveCfg = Debug|Any CPU
		{15D75AC8-6B79-44B2-A4DC-6E013DE444F8}.Debug|Any CPU.Build.0 = Debug|Any CPU
		{15D75AC8-6B79-44B2-A4DC-6E013DE444F8}.Release|Any CPU.ActiveCfg = Release|Any CPU
		{15D75AC8-6B79-44B2-A4DC-6E013DE444F8}.Release|Any CPU.Build.0 = Release|Any CPU
	EndGlobalSection
	GlobalSection(SolutionProperties) = preSolution
		HideSolutionNode = FALSE
	EndGlobalSection
	GlobalSection(ExtensibilityGlobals) = postSolution
		SolutionGuid = {CE60D97B-8636-4B57-B0C1-2A7BDFC4A443}
	EndGlobalSection
EndGlobal
