
Microsoft Visual Studio Solution File, Format Version 12.00
# Visual Studio Version 16
VisualStudioVersion = 16.0.31729.503
MinimumVisualStudioVersion = 10.0.40219.1
Project("{FAE04EC0-301F-11D3-BF4B-00C04F79EFBC}") = "L5T5_ToDo", "L5T5_ToDo\L5T5_ToDo.csproj", "{61906CB6-A37E-45BB-94CC-A2F1B62D674B}"
EndProject
Global
	GlobalSection(SolutionConfigurationPlatforms) = preSolution
		Debug|Any CPU = Debug|Any CPU
		Release|Any CPU = Release|Any CPU
	EndGlobalSection
	GlobalSection(ProjectConfigurationPlatforms) = postSolution
		{61906CB6-A37E-45BB-94CC-A2F1B62D674B}.Debug|Any CPU.ActiveCfg = Debug|Any CPU
		{61906CB6-A37E-45BB-94CC-A2F1B62D674B}.Debug|Any CPU.Build.0 = Debug|Any CPU
		{61906CB6-A37E-45BB-94CC-A2F1B62D674B}.Release|Any CPU.ActiveCfg = Release|Any CPU
		{61906CB6-A37E-45BB-94CC-A2F1B62D674B}.Release|Any CPU.Build.0 = Release|Any CPU
	EndGlobalSection
	GlobalSection(SolutionProperties) = preSolution
		HideSolutionNode = FALSE
	EndGlobalSection
	GlobalSection(ExtensibilityGlobals) = postSolution
		SolutionGuid = {7CC13FB3-6AA4-453A-91CF-F53EA9167AB7}
	EndGlobalSection
EndGlobal
